// !$*UTF8*$!
{
	archiveVersion = 1;
	classes = {
	};
	objectVersion = 46;
	objects = {

/* Begin PBXBuildFile section */
		39589B682132550FB93F6C98 /* Pods_carlyUITests.framework in Frameworks */ = {isa = PBXBuildFile; fileRef = 37B00FA36D0887279B989BE4 /* Pods_carlyUITests.framework */; };
		4DB6DCC1ACF1889DD27810DD /* Pods_carly.framework in Frameworks */ = {isa = PBXBuildFile; fileRef = D85A2A886ADBF88F31B35D8B /* Pods_carly.framework */; };
		596E6BA47F95FF9B8917ECBC /* Pods_carlyTests.framework in Frameworks */ = {isa = PBXBuildFile; fileRef = 9A4B54681B9202066D18181E /* Pods_carlyTests.framework */; };
		B0AD27721DBA96AB00BC222A /* AppDelegate.swift in Sources */ = {isa = PBXBuildFile; fileRef = B0AD27711DBA96AB00BC222A /* AppDelegate.swift */; };
		B0AD27771DBA96AB00BC222A /* Main.storyboard in Resources */ = {isa = PBXBuildFile; fileRef = B0AD27751DBA96AB00BC222A /* Main.storyboard */; };
		B0AD27791DBA96AB00BC222A /* Assets.xcassets in Resources */ = {isa = PBXBuildFile; fileRef = B0AD27781DBA96AB00BC222A /* Assets.xcassets */; };
		B0AD277C1DBA96AB00BC222A /* LaunchScreen.storyboard in Resources */ = {isa = PBXBuildFile; fileRef = B0AD277A1DBA96AB00BC222A /* LaunchScreen.storyboard */; };
		B0AD27871DBA96AC00BC222A /* carlyTests.swift in Sources */ = {isa = PBXBuildFile; fileRef = B0AD27861DBA96AC00BC222A /* carlyTests.swift */; };
		B0AD27921DBA96AC00BC222A /* carlyUITests.swift in Sources */ = {isa = PBXBuildFile; fileRef = B0AD27911DBA96AC00BC222A /* carlyUITests.swift */; };
		B0AD27A51DBA9D9500BC222A /* CarlyHeaderView.swift in Sources */ = {isa = PBXBuildFile; fileRef = B0AD27A41DBA9D9500BC222A /* CarlyHeaderView.swift */; };
		B0DCECCC1DBAAB8400202ABB /* RootViewController.swift in Sources */ = {isa = PBXBuildFile; fileRef = B0DCECCB1DBAAB8400202ABB /* RootViewController.swift */; };
		B0DCECD51DBAB35700202ABB /* RootTableViewController.swift in Sources */ = {isa = PBXBuildFile; fileRef = B0DCECD41DBAB35700202ABB /* RootTableViewController.swift */; };
		B0DCECDA1DBAB9EA00202ABB /* CarTableViewCell.swift in Sources */ = {isa = PBXBuildFile; fileRef = B0DCECD81DBAB9EA00202ABB /* CarTableViewCell.swift */; };
		B0DCECDB1DBAB9EA00202ABB /* CarTableViewCell.xib in Resources */ = {isa = PBXBuildFile; fileRef = B0DCECD91DBAB9EA00202ABB /* CarTableViewCell.xib */; };
		B0DCECDE1DBBD5AC00202ABB /* AnimationHelper.swift in Sources */ = {isa = PBXBuildFile; fileRef = B0DCECDD1DBBD5AC00202ABB /* AnimationHelper.swift */; };
		B0DCECE11DBBDCC900202ABB /* CarModel.swift in Sources */ = {isa = PBXBuildFile; fileRef = B0DCECE01DBBDCC900202ABB /* CarModel.swift */; };
		B0DCECE31DBBDD4400202ABB /* vehicles.json in Resources */ = {isa = PBXBuildFile; fileRef = B0DCECE21DBBDD4400202ABB /* vehicles.json */; };
		B0DCECE51DBBE5AA00202ABB /* SwiftSpinner.swift in Sources */ = {isa = PBXBuildFile; fileRef = B0DCECE41DBBE5AA00202ABB /* SwiftSpinner.swift */; };
		B0DCECE91DBBE82000202ABB /* RootNavigationViewController.swift in Sources */ = {isa = PBXBuildFile; fileRef = B0DCECE81DBBE82000202ABB /* RootNavigationViewController.swift */; };
/* End PBXBuildFile section */

/* Begin PBXContainerItemProxy section */
		B0AD27831DBA96AC00BC222A /* PBXContainerItemProxy */ = {
			isa = PBXContainerItemProxy;
			containerPortal = B0AD27661DBA96AB00BC222A /* Project object */;
			proxyType = 1;
			remoteGlobalIDString = B0AD276D1DBA96AB00BC222A;
			remoteInfo = carly;
		};
		B0AD278E1DBA96AC00BC222A /* PBXContainerItemProxy */ = {
			isa = PBXContainerItemProxy;
			containerPortal = B0AD27661DBA96AB00BC222A /* Project object */;
			proxyType = 1;
			remoteGlobalIDString = B0AD276D1DBA96AB00BC222A;
			remoteInfo = carly;
		};
/* End PBXContainerItemProxy section */

/* Begin PBXFileReference section */
		02C77CF15DC460CB0E837A48 /* Pods-carly.release.xcconfig */ = {isa = PBXFileReference; includeInIndex = 1; lastKnownFileType = text.xcconfig; name = "Pods-carly.release.xcconfig"; path = "Pods/Target Support Files/Pods-carly/Pods-carly.release.xcconfig"; sourceTree = "<group>"; };
		1FC859E201E4030A7B7E1642 /* Pods-carlyTests.release.xcconfig */ = {isa = PBXFileReference; includeInIndex = 1; lastKnownFileType = text.xcconfig; name = "Pods-carlyTests.release.xcconfig"; path = "Pods/Target Support Files/Pods-carlyTests/Pods-carlyTests.release.xcconfig"; sourceTree = "<group>"; };
		37B00FA36D0887279B989BE4 /* Pods_carlyUITests.framework */ = {isa = PBXFileReference; explicitFileType = wrapper.framework; includeInIndex = 0; path = Pods_carlyUITests.framework; sourceTree = BUILT_PRODUCTS_DIR; };
		540A3B3001EB66D860D010C9 /* Pods-carlyUITests.debug.xcconfig */ = {isa = PBXFileReference; includeInIndex = 1; lastKnownFileType = text.xcconfig; name = "Pods-carlyUITests.debug.xcconfig"; path = "Pods/Target Support Files/Pods-carlyUITests/Pods-carlyUITests.debug.xcconfig"; sourceTree = "<group>"; };
		7748C0B8E064C5F7EFC017B0 /* Pods-carly.debug.xcconfig */ = {isa = PBXFileReference; includeInIndex = 1; lastKnownFileType = text.xcconfig; name = "Pods-carly.debug.xcconfig"; path = "Pods/Target Support Files/Pods-carly/Pods-carly.debug.xcconfig"; sourceTree = "<group>"; };
		9A4B54681B9202066D18181E /* Pods_carlyTests.framework */ = {isa = PBXFileReference; explicitFileType = wrapper.framework; includeInIndex = 0; path = Pods_carlyTests.framework; sourceTree = BUILT_PRODUCTS_DIR; };
		B0AD276E1DBA96AB00BC222A /* carly.app */ = {isa = PBXFileReference; explicitFileType = wrapper.application; includeInIndex = 0; path = carly.app; sourceTree = BUILT_PRODUCTS_DIR; };
		B0AD27711DBA96AB00BC222A /* AppDelegate.swift */ = {isa = PBXFileReference; lastKnownFileType = sourcecode.swift; path = AppDelegate.swift; sourceTree = "<group>"; };
		B0AD27761DBA96AB00BC222A /* Base */ = {isa = PBXFileReference; lastKnownFileType = file.storyboard; name = Base; path = Base.lproj/Main.storyboard; sourceTree = "<group>"; };
		B0AD27781DBA96AB00BC222A /* Assets.xcassets */ = {isa = PBXFileReference; lastKnownFileType = folder.assetcatalog; path = Assets.xcassets; sourceTree = "<group>"; };
		B0AD277B1DBA96AB00BC222A /* Base */ = {isa = PBXFileReference; lastKnownFileType = file.storyboard; name = Base; path = Base.lproj/LaunchScreen.storyboard; sourceTree = "<group>"; };
		B0AD277D1DBA96AB00BC222A /* Info.plist */ = {isa = PBXFileReference; lastKnownFileType = text.plist.xml; path = Info.plist; sourceTree = "<group>"; };
		B0AD27821DBA96AB00BC222A /* carlyTests.xctest */ = {isa = PBXFileReference; explicitFileType = wrapper.cfbundle; includeInIndex = 0; path = carlyTests.xctest; sourceTree = BUILT_PRODUCTS_DIR; };
		B0AD27861DBA96AC00BC222A /* carlyTests.swift */ = {isa = PBXFileReference; lastKnownFileType = sourcecode.swift; path = carlyTests.swift; sourceTree = "<group>"; };
		B0AD27881DBA96AC00BC222A /* Info.plist */ = {isa = PBXFileReference; lastKnownFileType = text.plist.xml; path = Info.plist; sourceTree = "<group>"; };
		B0AD278D1DBA96AC00BC222A /* carlyUITests.xctest */ = {isa = PBXFileReference; explicitFileType = wrapper.cfbundle; includeInIndex = 0; path = carlyUITests.xctest; sourceTree = BUILT_PRODUCTS_DIR; };
		B0AD27911DBA96AC00BC222A /* carlyUITests.swift */ = {isa = PBXFileReference; lastKnownFileType = sourcecode.swift; path = carlyUITests.swift; sourceTree = "<group>"; };
		B0AD27931DBA96AC00BC222A /* Info.plist */ = {isa = PBXFileReference; lastKnownFileType = text.plist.xml; path = Info.plist; sourceTree = "<group>"; };
		B0AD27A41DBA9D9500BC222A /* CarlyHeaderView.swift */ = {isa = PBXFileReference; fileEncoding = 4; lastKnownFileType = sourcecode.swift; name = CarlyHeaderView.swift; path = Views/CarlyHeaderView.swift; sourceTree = "<group>"; };
		B0DCECCB1DBAAB8400202ABB /* RootViewController.swift */ = {isa = PBXFileReference; fileEncoding = 4; lastKnownFileType = sourcecode.swift; name = RootViewController.swift; path = ViewControllers/RootViewController.swift; sourceTree = "<group>"; };
		B0DCECD41DBAB35700202ABB /* RootTableViewController.swift */ = {isa = PBXFileReference; fileEncoding = 4; lastKnownFileType = sourcecode.swift; path = RootTableViewController.swift; sourceTree = "<group>"; };
		B0DCECD81DBAB9EA00202ABB /* CarTableViewCell.swift */ = {isa = PBXFileReference; fileEncoding = 4; lastKnownFileType = sourcecode.swift; name = CarTableViewCell.swift; path = Views/CarTableViewCell.swift; sourceTree = "<group>"; };
		B0DCECD91DBAB9EA00202ABB /* CarTableViewCell.xib */ = {isa = PBXFileReference; fileEncoding = 4; lastKnownFileType = file.xib; name = CarTableViewCell.xib; path = Views/CarTableViewCell.xib; sourceTree = "<group>"; };
		B0DCECDD1DBBD5AC00202ABB /* AnimationHelper.swift */ = {isa = PBXFileReference; fileEncoding = 4; lastKnownFileType = sourcecode.swift; name = AnimationHelper.swift; path = Helpers/AnimationHelper.swift; sourceTree = "<group>"; };
		B0DCECE01DBBDCC900202ABB /* CarModel.swift */ = {isa = PBXFileReference; fileEncoding = 4; lastKnownFileType = sourcecode.swift; name = CarModel.swift; path = Models/CarModel.swift; sourceTree = "<group>"; };
		B0DCECE21DBBDD4400202ABB /* vehicles.json */ = {isa = PBXFileReference; fileEncoding = 4; lastKnownFileType = text.json; path = vehicles.json; sourceTree = "<group>"; };
		B0DCECE41DBBE5AA00202ABB /* SwiftSpinner.swift */ = {isa = PBXFileReference; fileEncoding = 4; lastKnownFileType = sourcecode.swift; name = SwiftSpinner.swift; path = Helpers/SwiftSpinner.swift; sourceTree = "<group>"; };
		B0DCECE81DBBE82000202ABB /* RootNavigationViewController.swift */ = {isa = PBXFileReference; fileEncoding = 4; lastKnownFileType = sourcecode.swift; name = RootNavigationViewController.swift; path = ViewControllers/RootNavigationViewController.swift; sourceTree = "<group>"; };
		D0BA33077C536FAD2CB1DE6B /* Pods-carlyUITests.release.xcconfig */ = {isa = PBXFileReference; includeInIndex = 1; lastKnownFileType = text.xcconfig; name = "Pods-carlyUITests.release.xcconfig"; path = "Pods/Target Support Files/Pods-carlyUITests/Pods-carlyUITests.release.xcconfig"; sourceTree = "<group>"; };
		D85A2A886ADBF88F31B35D8B /* Pods_carly.framework */ = {isa = PBXFileReference; explicitFileType = wrapper.framework; includeInIndex = 0; path = Pods_carly.framework; sourceTree = BUILT_PRODUCTS_DIR; };
		E4EDDFE7EEE79EC38A277BE3 /* Pods-carlyTests.debug.xcconfig */ = {isa = PBXFileReference; includeInIndex = 1; lastKnownFileType = text.xcconfig; name = "Pods-carlyTests.debug.xcconfig"; path = "Pods/Target Support Files/Pods-carlyTests/Pods-carlyTests.debug.xcconfig"; sourceTree = "<group>"; };
/* End PBXFileReference section */

/* Begin PBXFrameworksBuildPhase section */
		B0AD276B1DBA96AB00BC222A /* Frameworks */ = {
			isa = PBXFrameworksBuildPhase;
			buildActionMask = 2147483647;
			files = (
				4DB6DCC1ACF1889DD27810DD /* Pods_carly.framework in Frameworks */,
			);
			runOnlyForDeploymentPostprocessing = 0;
		};
		B0AD277F1DBA96AB00BC222A /* Frameworks */ = {
			isa = PBXFrameworksBuildPhase;
			buildActionMask = 2147483647;
			files = (
				596E6BA47F95FF9B8917ECBC /* Pods_carlyTests.framework in Frameworks */,
			);
			runOnlyForDeploymentPostprocessing = 0;
		};
		B0AD278A1DBA96AC00BC222A /* Frameworks */ = {
			isa = PBXFrameworksBuildPhase;
			buildActionMask = 2147483647;
			files = (
				39589B682132550FB93F6C98 /* Pods_carlyUITests.framework in Frameworks */,
			);
			runOnlyForDeploymentPostprocessing = 0;
		};
/* End PBXFrameworksBuildPhase section */

/* Begin PBXGroup section */
		6E47F4BAD2451F83347796B9 /* Frameworks */ = {
			isa = PBXGroup;
			children = (
				D85A2A886ADBF88F31B35D8B /* Pods_carly.framework */,
				9A4B54681B9202066D18181E /* Pods_carlyTests.framework */,
				37B00FA36D0887279B989BE4 /* Pods_carlyUITests.framework */,
			);
			name = Frameworks;
			sourceTree = "<group>";
		};
		B0AD27651DBA96AB00BC222A = {
			isa = PBXGroup;
			children = (
				B0AD27701DBA96AB00BC222A /* carly */,
				B0AD27851DBA96AC00BC222A /* carlyTests */,
				B0AD27901DBA96AC00BC222A /* carlyUITests */,
				B0AD276F1DBA96AB00BC222A /* Products */,
				DE5949F9DBC37E2C4CCD45D3 /* Pods */,
				6E47F4BAD2451F83347796B9 /* Frameworks */,
			);
			sourceTree = "<group>";
		};
		B0AD276F1DBA96AB00BC222A /* Products */ = {
			isa = PBXGroup;
			children = (
				B0AD276E1DBA96AB00BC222A /* carly.app */,
				B0AD27821DBA96AB00BC222A /* carlyTests.xctest */,
				B0AD278D1DBA96AC00BC222A /* carlyUITests.xctest */,
			);
			name = Products;
			sourceTree = "<group>";
		};
		B0AD27701DBA96AB00BC222A /* carly */ = {
			isa = PBXGroup;
			children = (
				B0DCECE21DBBDD4400202ABB /* vehicles.json */,
				B0DCECDF1DBBDCB500202ABB /* Models */,
				B0DCECDC1DBBD59400202ABB /* Helpers */,
				B0AD27A61DBA9DA400BC222A /* Views */,
				B0AD27A31DBA9CB100BC222A /* ViewControllers */,
				B0AD27711DBA96AB00BC222A /* AppDelegate.swift */,
				B0AD27751DBA96AB00BC222A /* Main.storyboard */,
				B0AD27781DBA96AB00BC222A /* Assets.xcassets */,
				B0AD277A1DBA96AB00BC222A /* LaunchScreen.storyboard */,
				B0AD277D1DBA96AB00BC222A /* Info.plist */,
			);
			path = carly;
			sourceTree = "<group>";
		};
		B0AD27851DBA96AC00BC222A /* carlyTests */ = {
			isa = PBXGroup;
			children = (
				B0AD27861DBA96AC00BC222A /* carlyTests.swift */,
				B0AD27881DBA96AC00BC222A /* Info.plist */,
			);
			path = carlyTests;
			sourceTree = "<group>";
		};
		B0AD27901DBA96AC00BC222A /* carlyUITests */ = {
			isa = PBXGroup;
			children = (
				B0AD27911DBA96AC00BC222A /* carlyUITests.swift */,
				B0AD27931DBA96AC00BC222A /* Info.plist */,
			);
			path = carlyUITests;
			sourceTree = "<group>";
		};
		B0AD27A31DBA9CB100BC222A /* ViewControllers */ = {
			isa = PBXGroup;
			children = (
				B0DCECCB1DBAAB8400202ABB /* RootViewController.swift */,
				B0DCECD41DBAB35700202ABB /* RootTableViewController.swift */,
				B0DCECE81DBBE82000202ABB /* RootNavigationViewController.swift */,
			);
			name = ViewControllers;
			sourceTree = "<group>";
		};
		B0AD27A61DBA9DA400BC222A /* Views */ = {
			isa = PBXGroup;
			children = (
				B0AD27A41DBA9D9500BC222A /* CarlyHeaderView.swift */,
				B0DCECD81DBAB9EA00202ABB /* CarTableViewCell.swift */,
				B0DCECD91DBAB9EA00202ABB /* CarTableViewCell.xib */,
			);
			name = Views;
			sourceTree = "<group>";
		};
		B0DCECDC1DBBD59400202ABB /* Helpers */ = {
			isa = PBXGroup;
			children = (
				B0DCECDD1DBBD5AC00202ABB /* AnimationHelper.swift */,
				B0DCECE41DBBE5AA00202ABB /* SwiftSpinner.swift */,
			);
			name = Helpers;
			sourceTree = "<group>";
		};
		B0DCECDF1DBBDCB500202ABB /* Models */ = {
			isa = PBXGroup;
			children = (
				B0DCECE01DBBDCC900202ABB /* CarModel.swift */,
			);
			name = Models;
			sourceTree = "<group>";
		};
		DE5949F9DBC37E2C4CCD45D3 /* Pods */ = {
			isa = PBXGroup;
			children = (
				7748C0B8E064C5F7EFC017B0 /* Pods-carly.debug.xcconfig */,
				02C77CF15DC460CB0E837A48 /* Pods-carly.release.xcconfig */,
				E4EDDFE7EEE79EC38A277BE3 /* Pods-carlyTests.debug.xcconfig */,
				1FC859E201E4030A7B7E1642 /* Pods-carlyTests.release.xcconfig */,
				540A3B3001EB66D860D010C9 /* Pods-carlyUITests.debug.xcconfig */,
				D0BA33077C536FAD2CB1DE6B /* Pods-carlyUITests.release.xcconfig */,
			);
			name = Pods;
			sourceTree = "<group>";
		};
/* End PBXGroup section */

/* Begin PBXNativeTarget section */
		B0AD276D1DBA96AB00BC222A /* carly */ = {
			isa = PBXNativeTarget;
			buildConfigurationList = B0AD27961DBA96AC00BC222A /* Build configuration list for PBXNativeTarget "carly" */;
			buildPhases = (
				5E5697CBF3C41A18F6F2511F /* [CP] Check Pods Manifest.lock */,
				B0AD276A1DBA96AB00BC222A /* Sources */,
				B0AD276B1DBA96AB00BC222A /* Frameworks */,
				B0AD276C1DBA96AB00BC222A /* Resources */,
				D0C19BE5068AC50569029DCA /* [CP] Embed Pods Frameworks */,
				2B1EAAA94BE82BE5044CD2F7 /* [CP] Copy Pods Resources */,
			);
			buildRules = (
			);
			dependencies = (
			);
			name = carly;
			productName = carly;
			productReference = B0AD276E1DBA96AB00BC222A /* carly.app */;
			productType = "com.apple.product-type.application";
		};
		B0AD27811DBA96AB00BC222A /* carlyTests */ = {
			isa = PBXNativeTarget;
			buildConfigurationList = B0AD27991DBA96AC00BC222A /* Build configuration list for PBXNativeTarget "carlyTests" */;
			buildPhases = (
				96C3843C20BF685E3E28E2BE /* [CP] Check Pods Manifest.lock */,
				B0AD277E1DBA96AB00BC222A /* Sources */,
				B0AD277F1DBA96AB00BC222A /* Frameworks */,
				B0AD27801DBA96AB00BC222A /* Resources */,
				F16EFB1D8090E647CCBEB6E8 /* [CP] Embed Pods Frameworks */,
				DD086B22A354E8F411F9F1EE /* [CP] Copy Pods Resources */,
			);
			buildRules = (
			);
			dependencies = (
				B0AD27841DBA96AC00BC222A /* PBXTargetDependency */,
			);
			name = carlyTests;
			productName = carlyTests;
			productReference = B0AD27821DBA96AB00BC222A /* carlyTests.xctest */;
			productType = "com.apple.product-type.bundle.unit-test";
		};
		B0AD278C1DBA96AC00BC222A /* carlyUITests */ = {
			isa = PBXNativeTarget;
			buildConfigurationList = B0AD279C1DBA96AC00BC222A /* Build configuration list for PBXNativeTarget "carlyUITests" */;
			buildPhases = (
				3CF7ABCF35D4BA86EB314ED2 /* [CP] Check Pods Manifest.lock */,
				B0AD27891DBA96AC00BC222A /* Sources */,
				B0AD278A1DBA96AC00BC222A /* Frameworks */,
				B0AD278B1DBA96AC00BC222A /* Resources */,
				DFB1589DB92609261934C535 /* [CP] Copy Pods Resources */,
			);
			buildRules = (
			);
			dependencies = (
				B0AD278F1DBA96AC00BC222A /* PBXTargetDependency */,
			);
			name = carlyUITests;
			productName = carlyUITests;
			productReference = B0AD278D1DBA96AC00BC222A /* carlyUITests.xctest */;
			productType = "com.apple.product-type.bundle.ui-testing";
		};
/* End PBXNativeTarget section */

/* Begin PBXProject section */
		B0AD27661DBA96AB00BC222A /* Project object */ = {
			isa = PBXProject;
			attributes = {
				LastSwiftUpdateCheck = 0800;
				LastUpgradeCheck = 0800;
				ORGANIZATIONNAME = "Alexander Murphy";
				TargetAttributes = {
					B0AD276D1DBA96AB00BC222A = {
						CreatedOnToolsVersion = 8.0;
						DevelopmentTeam = 9L49SS68XP;
						ProvisioningStyle = Automatic;
					};
					B0AD27811DBA96AB00BC222A = {
						CreatedOnToolsVersion = 8.0;
						DevelopmentTeam = 9L49SS68XP;
						ProvisioningStyle = Automatic;
						TestTargetID = B0AD276D1DBA96AB00BC222A;
					};
					B0AD278C1DBA96AC00BC222A = {
						CreatedOnToolsVersion = 8.0;
						DevelopmentTeam = 9L49SS68XP;
						ProvisioningStyle = Automatic;
						TestTargetID = B0AD276D1DBA96AB00BC222A;
					};
				};
			};
			buildConfigurationList = B0AD27691DBA96AB00BC222A /* Build configuration list for PBXProject "carly" */;
			compatibilityVersion = "Xcode 3.2";
			developmentRegion = English;
			hasScannedForEncodings = 0;
			knownRegions = (
				en,
				Base,
			);
			mainGroup = B0AD27651DBA96AB00BC222A;
			productRefGroup = B0AD276F1DBA96AB00BC222A /* Products */;
			projectDirPath = "";
			projectRoot = "";
			targets = (
				B0AD276D1DBA96AB00BC222A /* carly */,
				B0AD27811DBA96AB00BC222A /* carlyTests */,
				B0AD278C1DBA96AC00BC222A /* carlyUITests */,
			);
		};
/* End PBXProject section */

/* Begin PBXResourcesBuildPhase section */
		B0AD276C1DBA96AB00BC222A /* Resources */ = {
			isa = PBXResourcesBuildPhase;
			buildActionMask = 2147483647;
			files = (
				B0AD277C1DBA96AB00BC222A /* LaunchScreen.storyboard in Resources */,
				B0DCECE31DBBDD4400202ABB /* vehicles.json in Resources */,
				B0AD27791DBA96AB00BC222A /* Assets.xcassets in Resources */,
				B0DCECDB1DBAB9EA00202ABB /* CarTableViewCell.xib in Resources */,
				B0AD27771DBA96AB00BC222A /* Main.storyboard in Resources */,
			);
			runOnlyForDeploymentPostprocessing = 0;
		};
		B0AD27801DBA96AB00BC222A /* Resources */ = {
			isa = PBXResourcesBuildPhase;
			buildActionMask = 2147483647;
			files = (
			);
			runOnlyForDeploymentPostprocessing = 0;
		};
		B0AD278B1DBA96AC00BC222A /* Resources */ = {
			isa = PBXResourcesBuildPhase;
			buildActionMask = 2147483647;
			files = (
			);
			runOnlyForDeploymentPostprocessing = 0;
		};
/* End PBXResourcesBuildPhase section */

/* Begin PBXShellScriptBuildPhase section */
		2B1EAAA94BE82BE5044CD2F7 /* [CP] Copy Pods Resources */ = {
			isa = PBXShellScriptBuildPhase;
			buildActionMask = 2147483647;
			files = (
			);
			inputPaths = (
			);
			name = "[CP] Copy Pods Resources";
			outputPaths = (
			);
			runOnlyForDeploymentPostprocessing = 0;
			shellPath = /bin/sh;
			shellScript = "\"${SRCROOT}/Pods/Target Support Files/Pods-carly/Pods-carly-resources.sh\"\n";
			showEnvVarsInLog = 0;
		};
		3CF7ABCF35D4BA86EB314ED2 /* [CP] Check Pods Manifest.lock */ = {
			isa = PBXShellScriptBuildPhase;
			buildActionMask = 2147483647;
			files = (
			);
			inputPaths = (
			);
			name = "[CP] Check Pods Manifest.lock";
			outputPaths = (
			);
			runOnlyForDeploymentPostprocessing = 0;
			shellPath = /bin/sh;
			shellScript = "diff \"${PODS_ROOT}/../Podfile.lock\" \"${PODS_ROOT}/Manifest.lock\" > /dev/null\nif [[ $? != 0 ]] ; then\n    cat << EOM\nerror: The sandbox is not in sync with the Podfile.lock. Run 'pod install' or update your CocoaPods installation.\nEOM\n    exit 1\nfi\n";
			showEnvVarsInLog = 0;
		};
		5E5697CBF3C41A18F6F2511F /* [CP] Check Pods Manifest.lock */ = {
			isa = PBXShellScriptBuildPhase;
			buildActionMask = 2147483647;
			files = (
			);
			inputPaths = (
			);
			name = "[CP] Check Pods Manifest.lock";
			outputPaths = (
			);
			runOnlyForDeploymentPostprocessing = 0;
			shellPath = /bin/sh;
			shellScript = "diff \"${PODS_ROOT}/../Podfile.lock\" \"${PODS_ROOT}/Manifest.lock\" > /dev/null\nif [[ $? != 0 ]] ; then\n    cat << EOM\nerror: The sandbox is not in sync with the Podfile.lock. Run 'pod install' or update your CocoaPods installation.\nEOM\n    exit 1\nfi\n";
			showEnvVarsInLog = 0;
		};
		96C3843C20BF685E3E28E2BE /* [CP] Check Pods Manifest.lock */ = {
			isa = PBXShellScriptBuildPhase;
			buildActionMask = 2147483647;
			files = (
			);
			inputPaths = (
			);
			name = "[CP] Check Pods Manifest.lock";
			outputPaths = (
			);
			runOnlyForDeploymentPostprocessing = 0;
			shellPath = /bin/sh;
			shellScript = "diff \"${PODS_ROOT}/../Podfile.lock\" \"${PODS_ROOT}/Manifest.lock\" > /dev/null\nif [[ $? != 0 ]] ; then\n    cat << EOM\nerror: The sandbox is not in sync with the Podfile.lock. Run 'pod install' or update your CocoaPods installation.\nEOM\n    exit 1\nfi\n";
			showEnvVarsInLog = 0;
		};
		D0C19BE5068AC50569029DCA /* [CP] Embed Pods Frameworks */ = {
			isa = PBXShellScriptBuildPhase;
			buildActionMask = 2147483647;
			files = (
			);
			inputPaths = (
			);
			name = "[CP] Embed Pods Frameworks";
			outputPaths = (
			);
			runOnlyForDeploymentPostprocessing = 0;
			shellPath = /bin/sh;
			shellScript = "\"${SRCROOT}/Pods/Target Support Files/Pods-carly/Pods-carly-frameworks.sh\"\n";
			showEnvVarsInLog = 0;
		};
		DD086B22A354E8F411F9F1EE /* [CP] Copy Pods Resources */ = {
			isa = PBXShellScriptBuildPhase;
			buildActionMask = 2147483647;
			files = (
			);
			inputPaths = (
			);
			name = "[CP] Copy Pods Resources";
			outputPaths = (
			);
			runOnlyForDeploymentPostprocessing = 0;
			shellPath = /bin/sh;
			shellScript = "\"${SRCROOT}/Pods/Target Support Files/Pods-carlyTests/Pods-carlyTests-resources.sh\"\n";
			showEnvVarsInLog = 0;
		};
		DFB1589DB92609261934C535 /* [CP] Copy Pods Resources */ = {
			isa = PBXShellScriptBuildPhase;
			buildActionMask = 2147483647;
			files = (
			);
			inputPaths = (
			);
			name = "[CP] Copy Pods Resources";
			outputPaths = (
			);
			runOnlyForDeploymentPostprocessing = 0;
			shellPath = /bin/sh;
			shellScript = "\"${SRCROOT}/Pods/Target Support Files/Pods-carlyUITests/Pods-carlyUITests-resources.sh\"\n";
			showEnvVarsInLog = 0;
		};
		F16EFB1D8090E647CCBEB6E8 /* [CP] Embed Pods Frameworks */ = {
			isa = PBXShellScriptBuildPhase;
			buildActionMask = 2147483647;
			files = (
			);
			inputPaths = (
			);
			name = "[CP] Embed Pods Frameworks";
			outputPaths = (
			);
			runOnlyForDeploymentPostprocessing = 0;
			shellPath = /bin/sh;
			shellScript = "\"${SRCROOT}/Pods/Target Support Files/Pods-carlyTests/Pods-carlyTests-frameworks.sh\"\n";
			showEnvVarsInLog = 0;
		};
/* End PBXShellScriptBuildPhase section */

/* Begin PBXSourcesBuildPhase section */
		B0AD276A1DBA96AB00BC222A /* Sources */ = {
			isa = PBXSourcesBuildPhase;
			buildActionMask = 2147483647;
			files = (
				B0AD27721DBA96AB00BC222A /* AppDelegate.swift in Sources */,
				B0DCECE51DBBE5AA00202ABB /* SwiftSpinner.swift in Sources */,
				B0DCECE11DBBDCC900202ABB /* CarModel.swift in Sources */,
				B0DCECE91DBBE82000202ABB /* RootNavigationViewController.swift in Sources */,
				B0DCECD51DBAB35700202ABB /* RootTableViewController.swift in Sources */,
				B0DCECDE1DBBD5AC00202ABB /* AnimationHelper.swift in Sources */,
				B0DCECCC1DBAAB8400202ABB /* RootViewController.swift in Sources */,
				B0AD27A51DBA9D9500BC222A /* CarlyHeaderView.swift in Sources */,
				B0DCECDA1DBAB9EA00202ABB /* CarTableViewCell.swift in Sources */,
			);
			runOnlyForDeploymentPostprocessing = 0;
		};
		B0AD277E1DBA96AB00BC222A /* Sources */ = {
			isa = PBXSourcesBuildPhase;
			buildActionMask = 2147483647;
			files = (
				B0AD27871DBA96AC00BC222A /* carlyTests.swift in Sources */,
			);
			runOnlyForDeploymentPostprocessing = 0;
		};
		B0AD27891DBA96AC00BC222A /* Sources */ = {
			isa = PBXSourcesBuildPhase;
			buildActionMask = 2147483647;
			files = (
				B0AD27921DBA96AC00BC222A /* carlyUITests.swift in Sources */,
			);
			runOnlyForDeploymentPostprocessing = 0;
		};
/* End PBXSourcesBuildPhase section */

/* Begin PBXTargetDependency section */
		B0AD27841DBA96AC00BC222A /* PBXTargetDependency */ = {
			isa = PBXTargetDependency;
			target = B0AD276D1DBA96AB00BC222A /* carly */;
			targetProxy = B0AD27831DBA96AC00BC222A /* PBXContainerItemProxy */;
		};
		B0AD278F1DBA96AC00BC222A /* PBXTargetDependency */ = {
			isa = PBXTargetDependency;
			target = B0AD276D1DBA96AB00BC222A /* carly */;
			targetProxy = B0AD278E1DBA96AC00BC222A /* PBXContainerItemProxy */;
		};
/* End PBXTargetDependency section */

/* Begin PBXVariantGroup section */
		B0AD27751DBA96AB00BC222A /* Main.storyboard */ = {
			isa = PBXVariantGroup;
			children = (
				B0AD27761DBA96AB00BC222A /* Base */,
			);
			name = Main.storyboard;
			sourceTree = "<group>";
		};
		B0AD277A1DBA96AB00BC222A /* LaunchScreen.storyboard */ = {
			isa = PBXVariantGroup;
			children = (
				B0AD277B1DBA96AB00BC222A /* Base */,
			);
			name = LaunchScreen.storyboard;
			sourceTree = "<group>";
		};
/* End PBXVariantGroup section */

/* Begin XCBuildConfiguration section */
		B0AD27941DBA96AC00BC222A /* Debug */ = {
			isa = XCBuildConfiguration;
			buildSettings = {
				ALWAYS_SEARCH_USER_PATHS = NO;
				CLANG_ANALYZER_NONNULL = YES;
				CLANG_CXX_LANGUAGE_STANDARD = "gnu++0x";
				CLANG_CXX_LIBRARY = "libc++";
				CLANG_ENABLE_MODULES = YES;
				CLANG_ENABLE_OBJC_ARC = YES;
				CLANG_WARN_BOOL_CONVERSION = YES;
				CLANG_WARN_CONSTANT_CONVERSION = YES;
				CLANG_WARN_DIRECT_OBJC_ISA_USAGE = YES_ERROR;
				CLANG_WARN_DOCUMENTATION_COMMENTS = YES;
				CLANG_WARN_EMPTY_BODY = YES;
				CLANG_WARN_ENUM_CONVERSION = YES;
				CLANG_WARN_INFINITE_RECURSION = YES;
				CLANG_WARN_INT_CONVERSION = YES;
				CLANG_WARN_OBJC_ROOT_CLASS = YES_ERROR;
				CLANG_WARN_SUSPICIOUS_MOVE = YES;
				CLANG_WARN_SUSPICIOUS_MOVES = YES;
				CLANG_WARN_UNREACHABLE_CODE = YES;
				CLANG_WARN__DUPLICATE_METHOD_MATCH = YES;
				"CODE_SIGN_IDENTITY[sdk=iphoneos*]" = "iPhone Developer";
				COPY_PHASE_STRIP = NO;
				DEBUG_INFORMATION_FORMAT = dwarf;
				ENABLE_STRICT_OBJC_MSGSEND = YES;
				ENABLE_TESTABILITY = YES;
				GCC_C_LANGUAGE_STANDARD = gnu99;
				GCC_DYNAMIC_NO_PIC = NO;
				GCC_NO_COMMON_BLOCKS = YES;
				GCC_OPTIMIZATION_LEVEL = 0;
				GCC_PREPROCESSOR_DEFINITIONS = (
					"DEBUG=1",
					"$(inherited)",
				);
				GCC_WARN_64_TO_32_BIT_CONVERSION = YES;
				GCC_WARN_ABOUT_RETURN_TYPE = YES_ERROR;
				GCC_WARN_UNDECLARED_SELECTOR = YES;
				GCC_WARN_UNINITIALIZED_AUTOS = YES_AGGRESSIVE;
				GCC_WARN_UNUSED_FUNCTION = YES;
				GCC_WARN_UNUSED_VARIABLE = YES;
				IPHONEOS_DEPLOYMENT_TARGET = 10.0;
				MTL_ENABLE_DEBUG_INFO = YES;
				ONLY_ACTIVE_ARCH = YES;
				SDKROOT = iphoneos;
				SWIFT_ACTIVE_COMPILATION_CONDITIONS = DEBUG;
				SWIFT_OPTIMIZATION_LEVEL = "-Onone";
				TARGETED_DEVICE_FAMILY = "1,2";
			};
			name = Debug;
		};
		B0AD27951DBA96AC00BC222A /* Release */ = {
			isa = XCBuildConfiguration;
			buildSettings = {
				ALWAYS_SEARCH_USER_PATHS = NO;
				CLANG_ANALYZER_NONNULL = YES;
				CLANG_CXX_LANGUAGE_STANDARD = "gnu++0x";
				CLANG_CXX_LIBRARY = "libc++";
				CLANG_ENABLE_MODULES = YES;
				CLANG_ENABLE_OBJC_ARC = YES;
				CLANG_WARN_BOOL_CONVERSION = YES;
				CLANG_WARN_CONSTANT_CONVERSION = YES;
				CLANG_WARN_DIRECT_OBJC_ISA_USAGE = YES_ERROR;
				CLANG_WARN_DOCUMENTATION_COMMENTS = YES;
				CLANG_WARN_EMPTY_BODY = YES;
				CLANG_WARN_ENUM_CONVERSION = YES;
				CLANG_WARN_INFINITE_RECURSION = YES;
				CLANG_WARN_INT_CONVERSION = YES;
				CLANG_WARN_OBJC_ROOT_CLASS = YES_ERROR;
				CLANG_WARN_SUSPICIOUS_MOVE = YES;
				CLANG_WARN_SUSPICIOUS_MOVES = YES;
				CLANG_WARN_UNREACHABLE_CODE = YES;
				CLANG_WARN__DUPLICATE_METHOD_MATCH = YES;
				"CODE_SIGN_IDENTITY[sdk=iphoneos*]" = "iPhone Developer";
				COPY_PHASE_STRIP = NO;
				DEBUG_INFORMATION_FORMAT = "dwarf-with-dsym";
				ENABLE_NS_ASSERTIONS = NO;
				ENABLE_STRICT_OBJC_MSGSEND = YES;
				GCC_C_LANGUAGE_STANDARD = gnu99;
				GCC_NO_COMMON_BLOCKS = YES;
				GCC_WARN_64_TO_32_BIT_CONVERSION = YES;
				GCC_WARN_ABOUT_RETURN_TYPE = YES_ERROR;
				GCC_WARN_UNDECLARED_SELECTOR = YES;
				GCC_WARN_UNINITIALIZED_AUTOS = YES_AGGRESSIVE;
				GCC_WARN_UNUSED_FUNCTION = YES;
				GCC_WARN_UNUSED_VARIABLE = YES;
				IPHONEOS_DEPLOYMENT_TARGET = 10.0;
				MTL_ENABLE_DEBUG_INFO = NO;
				SDKROOT = iphoneos;
				SWIFT_OPTIMIZATION_LEVEL = "-Owholemodule";
				TARGETED_DEVICE_FAMILY = "1,2";
				VALIDATE_PRODUCT = YES;
			};
			name = Release;
		};
		B0AD27971DBA96AC00BC222A /* Debug */ = {
			isa = XCBuildConfiguration;
			baseConfigurationReference = 7748C0B8E064C5F7EFC017B0 /* Pods-carly.debug.xcconfig */;
			buildSettings = {
				ALWAYS_EMBED_SWIFT_STANDARD_LIBRARIES = YES;
				ASSETCATALOG_COMPILER_APPICON_NAME = AppIcon;
				DEVELOPMENT_TEAM = 9L49SS68XP;
				INFOPLIST_FILE = carly/Info.plist;
				LD_RUNPATH_SEARCH_PATHS = "$(inherited) @executable_path/Frameworks";
				PRODUCT_BUNDLE_IDENTIFIER = com.thexande.carly;
				PRODUCT_NAME = "$(TARGET_NAME)";
				SWIFT_VERSION = 3.0;
			};
			name = Debug;
		};
		B0AD27981DBA96AC00BC222A /* Release */ = {
			isa = XCBuildConfiguration;
			baseConfigurationReference = 02C77CF15DC460CB0E837A48 /* Pods-carly.release.xcconfig */;
			buildSettings = {
				ALWAYS_EMBED_SWIFT_STANDARD_LIBRARIES = YES;
				ASSETCATALOG_COMPILER_APPICON_NAME = AppIcon;
				DEVELOPMENT_TEAM = 9L49SS68XP;
				INFOPLIST_FILE = carly/Info.plist;
				LD_RUNPATH_SEARCH_PATHS = "$(inherited) @executable_path/Frameworks";
				PRODUCT_BUNDLE_IDENTIFIER = com.thexande.carly;
				PRODUCT_NAME = "$(TARGET_NAME)";
				SWIFT_VERSION = 3.0;
			};
			name = Release;
		};
		B0AD279A1DBA96AC00BC222A /* Debug */ = {
			isa = XCBuildConfiguration;
			baseConfigurationReference = E4EDDFE7EEE79EC38A277BE3 /* Pods-carlyTests.debug.xcconfig */;
			buildSettings = {
				ALWAYS_EMBED_SWIFT_STANDARD_LIBRARIES = YES;
				BUNDLE_LOADER = "$(TEST_HOST)";
				DEVELOPMENT_TEAM = 9L49SS68XP;
				INFOPLIST_FILE = carlyTests/Info.plist;
				LD_RUNPATH_SEARCH_PATHS = "$(inherited) @executable_path/Frameworks @loader_path/Frameworks";
				PRODUCT_BUNDLE_IDENTIFIER = com.thexande.carlyTests;
				PRODUCT_NAME = "$(TARGET_NAME)";
				SWIFT_VERSION = 3.0;
				TEST_HOST = "$(BUILT_PRODUCTS_DIR)/carly.app/carly";
			};
			name = Debug;
		};
		B0AD279B1DBA96AC00BC222A /* Release */ = {
			isa = XCBuildConfiguration;
			baseConfigurationReference = 1FC859E201E4030A7B7E1642 /* Pods-carlyTests.release.xcconfig */;
			buildSettings = {
				ALWAYS_EMBED_SWIFT_STANDARD_LIBRARIES = YES;
				BUNDLE_LOADER = "$(TEST_HOST)";
				DEVELOPMENT_TEAM = 9L49SS68XP;
				INFOPLIST_FILE = carlyTests/Info.plist;
				LD_RUNPATH_SEARCH_PATHS = "$(inherited) @executable_path/Frameworks @loader_path/Frameworks";
				PRODUCT_BUNDLE_IDENTIFIER = com.thexande.carlyTests;
				PRODUCT_NAME = "$(TARGET_NAME)";
				SWIFT_VERSION = 3.0;
				TEST_HOST = "$(BUILT_PRODUCTS_DIR)/carly.app/carly";
			};
			name = Release;
		};
		B0AD279D1DBA96AC00BC222A /* Debug */ = {
			isa = XCBuildConfiguration;
			baseConfigurationReference = 540A3B3001EB66D860D010C9 /* Pods-carlyUITests.debug.xcconfig */;
			buildSettings = {
				ALWAYS_EMBED_SWIFT_STANDARD_LIBRARIES = YES;
				DEVELOPMENT_TEAM = 9L49SS68XP;
				INFOPLIST_FILE = carlyUITests/Info.plist;
				LD_RUNPATH_SEARCH_PATHS = "$(inherited) @executable_path/Frameworks @loader_path/Frameworks";
				PRODUCT_BUNDLE_IDENTIFIER = com.thexande.carlyUITests;
				PRODUCT_NAME = "$(TARGET_NAME)";
				SWIFT_VERSION = 3.0;
				TEST_TARGET_NAME = carly;
			};
			name = Debug;
		};
		B0AD279E1DBA96AC00BC222A /* Release */ = {
			isa = XCBuildConfiguration;
			baseConfigurationReference = D0BA33077C536FAD2CB1DE6B /* Pods-carlyUITests.release.xcconfig */;
			buildSettings = {
				ALWAYS_EMBED_SWIFT_STANDARD_LIBRARIES = YES;
				DEVELOPMENT_TEAM = 9L49SS68XP;
				INFOPLIST_FILE = carlyUITests/Info.plist;
				LD_RUNPATH_SEARCH_PATHS = "$(inherited) @executable_path/Frameworks @loader_path/Frameworks";
				PRODUCT_BUNDLE_IDENTIFIER = com.thexande.carlyUITests;
				PRODUCT_NAME = "$(TARGET_NAME)";
				SWIFT_VERSION = 3.0;
				TEST_TARGET_NAME = carly;
			};
			name = Release;
		};
/* End XCBuildConfiguration section */

/* Begin XCConfigurationList section */
		B0AD27691DBA96AB00BC222A /* Build configuration list for PBXProject "carly" */ = {
			isa = XCConfigurationList;
			buildConfigurations = (
				B0AD27941DBA96AC00BC222A /* Debug */,
				B0AD27951DBA96AC00BC222A /* Release */,
			);
			defaultConfigurationIsVisible = 0;
			defaultConfigurationName = Release;
		};
		B0AD27961DBA96AC00BC222A /* Build configuration list for PBXNativeTarget "carly" */ = {
			isa = XCConfigurationList;
			buildConfigurations = (
				B0AD27971DBA96AC00BC222A /* Debug */,
				B0AD27981DBA96AC00BC222A /* Release */,
			);
			defaultConfigurationIsVisible = 0;
			defaultConfigurationName = Release;
		};
		B0AD27991DBA96AC00BC222A /* Build configuration list for PBXNativeTarget "carlyTests" */ = {
			isa = XCConfigurationList;
			buildConfigurations = (
				B0AD279A1DBA96AC00BC222A /* Debug */,
				B0AD279B1DBA96AC00BC222A /* Release */,
			);
			defaultConfigurationIsVisible = 0;
			defaultConfigurationName = Release;
		};
		B0AD279C1DBA96AC00BC222A /* Build configuration list for PBXNativeTarget "carlyUITests" */ = {
			isa = XCConfigurationList;
			buildConfigurations = (
				B0AD279D1DBA96AC00BC222A /* Debug */,
				B0AD279E1DBA96AC00BC222A /* Release */,
			);
			defaultConfigurationIsVisible = 0;
			defaultConfigurationName = Release;
		};
/* End XCConfigurationList section */
	};
	rootObject = B0AD27661DBA96AB00BC222A /* Project object */;
}
